
Microsoft Visual Studio Solution File, Format Version 12.00
# Visual Studio 15
VisualStudioVersion = 15.0.27130.2027
MinimumVisualStudioVersion = 10.0.40219.1
Project("{FAE04EC0-301F-11D3-BF4B-00C04F79EFBC}") = "AmBlitz", "AmBlitz\AmBlitz.csproj", "{256C3317-8042-4720-AA5B-A672C3801D8D}"
EndProject
Project("{FAE04EC0-301F-11D3-BF4B-00C04F79EFBC}") = "AmBlitz.RedisCache", "AmBlitz.RedisCache\AmBlitz.RedisCache.csproj", "{00FBE806-9560-4705-B1FE-EC1331E24BF4}"
EndProject
Project("{FAE04EC0-301F-11D3-BF4B-00C04F79EFBC}") = "AmBlitz.UnitTest", "AmBlitz.UnitTest\AmBlitz.UnitTest.csproj", "{A606A251-F1C8-4E90-854A-824336B8E015}"
EndProject
Project("{FAE04EC0-301F-11D3-BF4B-00C04F79EFBC}") = "AmBlitz.Mongo", "AmBlitz.Mongo\AmBlitz.Mongo.csproj", "{DEBFC6FF-8D9A-4B09-9024-868BC415996C}"
EndProject
Global
	GlobalSection(SolutionConfigurationPlatforms) = preSolution
		Debug|Any CPU = Debug|Any CPU
		Release|Any CPU = Release|Any CPU
	EndGlobalSection
	GlobalSection(ProjectConfigurationPlatforms) = postSolution
		{256C3317-8042-4720-AA5B-A672C3801D8D}.Debug|Any CPU.ActiveCfg = Debug|Any CPU
		{256C3317-8042-4720-AA5B-A672C3801D8D}.Debug|Any CPU.Build.0 = Debug|Any CPU
		{256C3317-8042-4720-AA5B-A672C3801D8D}.Release|Any CPU.ActiveCfg = Release|Any CPU
		{256C3317-8042-4720-AA5B-A672C3801D8D}.Release|Any CPU.Build.0 = Release|Any CPU
		{00FBE806-9560-4705-B1FE-EC1331E24BF4}.Debug|Any CPU.ActiveCfg = Debug|Any CPU
		{00FBE806-9560-4705-B1FE-EC1331E24BF4}.Debug|Any CPU.Build.0 = Debug|Any CPU
		{00FBE806-9560-4705-B1FE-EC1331E24BF4}.Release|Any CPU.ActiveCfg = Release|Any CPU
		{00FBE806-9560-4705-B1FE-EC1331E24BF4}.Release|Any CPU.Build.0 = Release|Any CPU
		{A606A251-F1C8-4E90-854A-824336B8E015}.Debug|Any CPU.ActiveCfg = Debug|Any CPU
		{A606A251-F1C8-4E90-854A-824336B8E015}.Debug|Any CPU.Build.0 = Debug|Any CPU
		{A606A251-F1C8-4E90-854A-824336B8E015}.Release|Any CPU.ActiveCfg = Release|Any CPU
		{A606A251-F1C8-4E90-854A-824336B8E015}.Release|Any CPU.Build.0 = Release|Any CPU
		{DEBFC6FF-8D9A-4B09-9024-868BC415996C}.Debug|Any CPU.ActiveCfg = Debug|Any CPU
		{DEBFC6FF-8D9A-4B09-9024-868BC415996C}.Debug|Any CPU.Build.0 = Debug|Any CPU
		{DEBFC6FF-8D9A-4B09-9024-868BC415996C}.Release|Any CPU.ActiveCfg = Release|Any CPU
		{DEBFC6FF-8D9A-4B09-9024-868BC415996C}.Release|Any CPU.Build.0 = Release|Any CPU
	EndGlobalSection
	GlobalSection(SolutionProperties) = preSolution
		HideSolutionNode = FALSE
	EndGlobalSection
	GlobalSection(ExtensibilityGlobals) = postSolution
		SolutionGuid = {5E43BF8A-ABE5-4369-BF18-816C89ABFDED}
	EndGlobalSection
EndGlobal
